
Microsoft Visual Studio Solution File, Format Version 12.00
# Visual Studio 2013
VisualStudioVersion = 12.0.21005.1
MinimumVisualStudioVersion = 10.0.40219.1
Project("{FAE04EC0-301F-11D3-BF4B-00C04F79EFBC}") = "IrcConnector", "IrcConnector\IrcConnector.csproj", "{77CFBA3A-2568-42F5-8002-6B52AD3F3489}"
EndProject
Project("{2150E333-8FDC-42A3-9474-1A3956D46DE8}") = ".nuget", ".nuget", "{02501A8A-8E4C-4A4B-827C-B47D05EB7A62}"
	ProjectSection(SolutionItems) = preProject
		.nuget\NuGet.Config = .nuget\NuGet.Config
		.nuget\NuGet.exe = .nuget\NuGet.exe
		.nuget\NuGet.targets = .nuget\NuGet.targets
	EndProjectSection
EndProject
Project("{FAE04EC0-301F-11D3-BF4B-00C04F79EFBC}") = "IrcWebProject", "IrcWebProject\IrcWebProject.csproj", "{FF8495D0-3B3E-4EB8-B241-C156858132B3}"
EndProject
Global
	GlobalSection(SolutionConfigurationPlatforms) = preSolution
		Debug|Any CPU = Debug|Any CPU
		Release|Any CPU = Release|Any CPU
	EndGlobalSection
	GlobalSection(ProjectConfigurationPlatforms) = postSolution
		{77CFBA3A-2568-42F5-8002-6B52AD3F3489}.Debug|Any CPU.ActiveCfg = Debug|Any CPU
		{77CFBA3A-2568-42F5-8002-6B52AD3F3489}.Debug|Any CPU.Build.0 = Debug|Any CPU
		{77CFBA3A-2568-42F5-8002-6B52AD3F3489}.Release|Any CPU.ActiveCfg = Release|Any CPU
		{77CFBA3A-2568-42F5-8002-6B52AD3F3489}.Release|Any CPU.Build.0 = Release|Any CPU
		{FF8495D0-3B3E-4EB8-B241-C156858132B3}.Debug|Any CPU.ActiveCfg = Debug|Any CPU
		{FF8495D0-3B3E-4EB8-B241-C156858132B3}.Debug|Any CPU.Build.0 = Debug|Any CPU
		{FF8495D0-3B3E-4EB8-B241-C156858132B3}.Release|Any CPU.ActiveCfg = Release|Any CPU
		{FF8495D0-3B3E-4EB8-B241-C156858132B3}.Release|Any CPU.Build.0 = Release|Any CPU
	EndGlobalSection
	GlobalSection(SolutionProperties) = preSolution
		HideSolutionNode = FALSE
	EndGlobalSection
EndGlobal
